
Microsoft Visual Studio Solution File, Format Version 12.00
# Visual Studio Version 17
VisualStudioVersion = 17.1.32228.430
MinimumVisualStudioVersion = 10.0.40219.1
Project("{9A19103F-16F7-4668-BE54-9A1E7A4F7556}") = "WaveAndPlay.Web", "WaveAndPlay.Web\WaveAndPlay.Web.csproj", "{60F99EA7-5EED-4891-9111-F5FDD460985E}"
EndProject
Project("{2150E333-8FDC-42A3-9474-1A3956D46DE8}") = "Application", "Application", "{9B7BCBC1-49CD-4D81-B41F-58886E67F21F}"
EndProject
Project("{2150E333-8FDC-42A3-9474-1A3956D46DE8}") = "Domain", "Domain", "{DEAD5AAD-F3F7-4F0E-85FB-FD5E6475F0CF}"
EndProject
Project("{2150E333-8FDC-42A3-9474-1A3956D46DE8}") = "Infrastructure", "Infrastructure", "{63A91618-FAC0-437F-AC07-65F88172DA13}"
EndProject
Project("{2150E333-8FDC-42A3-9474-1A3956D46DE8}") = "Test", "Test", "{B176B5DF-8165-4EB2-A5C2-A28F3E4B8CEA}"
EndProject
Project("{2150E333-8FDC-42A3-9474-1A3956D46DE8}") = "UI", "UI", "{F16804B3-FFAD-4EF0-8595-4155DFC9C57E}"
EndProject
Project("{FAE04EC0-301F-11D3-BF4B-00C04F79EFBC}") = "WaveAndPlay.Application", "WaveAndPlay.Application\WaveAndPlay.Application.csproj", "{F0E4F0BB-D2A5-45FB-B9D0-0D747D993F29}"
EndProject
Project("{FAE04EC0-301F-11D3-BF4B-00C04F79EFBC}") = "WaveAndPlay.Domain", "WaveAndPlay.Domain\WaveAndPlay.Domain.csproj", "{6FBD26AA-7979-4528-9594-57A6096D0C62}"
EndProject
Project("{FAE04EC0-301F-11D3-BF4B-00C04F79EFBC}") = "WaveAndPlay.Infrastructure", "WaveAndPlay.Infrastructure\WaveAndPlay.Infrastructure.csproj", "{996CDF8B-0879-4A9C-8743-D0D818166259}"
EndProject
Project("{FAE04EC0-301F-11D3-BF4B-00C04F79EFBC}") = "WaveAndPlay.Test", "WaveAndPlay.Test\WaveAndPlay.Test.csproj", "{36A5B73C-E890-4F93-A4E0-8EDC56C9C1C6}"
EndProject
Global
	GlobalSection(SolutionConfigurationPlatforms) = preSolution
		Debug|Any CPU = Debug|Any CPU
		Release|Any CPU = Release|Any CPU
	EndGlobalSection
	GlobalSection(ProjectConfigurationPlatforms) = postSolution
		{60F99EA7-5EED-4891-9111-F5FDD460985E}.Debug|Any CPU.ActiveCfg = Debug|Any CPU
		{60F99EA7-5EED-4891-9111-F5FDD460985E}.Debug|Any CPU.Build.0 = Debug|Any CPU
		{60F99EA7-5EED-4891-9111-F5FDD460985E}.Release|Any CPU.ActiveCfg = Release|Any CPU
		{60F99EA7-5EED-4891-9111-F5FDD460985E}.Release|Any CPU.Build.0 = Release|Any CPU
		{F0E4F0BB-D2A5-45FB-B9D0-0D747D993F29}.Debug|Any CPU.ActiveCfg = Debug|Any CPU
		{F0E4F0BB-D2A5-45FB-B9D0-0D747D993F29}.Debug|Any CPU.Build.0 = Debug|Any CPU
		{F0E4F0BB-D2A5-45FB-B9D0-0D747D993F29}.Release|Any CPU.ActiveCfg = Release|Any CPU
		{F0E4F0BB-D2A5-45FB-B9D0-0D747D993F29}.Release|Any CPU.Build.0 = Release|Any CPU
		{6FBD26AA-7979-4528-9594-57A6096D0C62}.Debug|Any CPU.ActiveCfg = Debug|Any CPU
		{6FBD26AA-7979-4528-9594-57A6096D0C62}.Debug|Any CPU.Build.0 = Debug|Any CPU
		{6FBD26AA-7979-4528-9594-57A6096D0C62}.Release|Any CPU.ActiveCfg = Release|Any CPU
		{6FBD26AA-7979-4528-9594-57A6096D0C62}.Release|Any CPU.Build.0 = Release|Any CPU
		{996CDF8B-0879-4A9C-8743-D0D818166259}.Debug|Any CPU.ActiveCfg = Debug|Any CPU
		{996CDF8B-0879-4A9C-8743-D0D818166259}.Debug|Any CPU.Build.0 = Debug|Any CPU
		{996CDF8B-0879-4A9C-8743-D0D818166259}.Release|Any CPU.ActiveCfg = Release|Any CPU
		{996CDF8B-0879-4A9C-8743-D0D818166259}.Release|Any CPU.Build.0 = Release|Any CPU
		{36A5B73C-E890-4F93-A4E0-8EDC56C9C1C6}.Debug|Any CPU.ActiveCfg = Debug|Any CPU
		{36A5B73C-E890-4F93-A4E0-8EDC56C9C1C6}.Debug|Any CPU.Build.0 = Debug|Any CPU
		{36A5B73C-E890-4F93-A4E0-8EDC56C9C1C6}.Release|Any CPU.ActiveCfg = Release|Any CPU
		{36A5B73C-E890-4F93-A4E0-8EDC56C9C1C6}.Release|Any CPU.Build.0 = Release|Any CPU
	EndGlobalSection
	GlobalSection(SolutionProperties) = preSolution
		HideSolutionNode = FALSE
	EndGlobalSection
	GlobalSection(NestedProjects) = preSolution
		{60F99EA7-5EED-4891-9111-F5FDD460985E} = {F16804B3-FFAD-4EF0-8595-4155DFC9C57E}
		{F0E4F0BB-D2A5-45FB-B9D0-0D747D993F29} = {9B7BCBC1-49CD-4D81-B41F-58886E67F21F}
		{6FBD26AA-7979-4528-9594-57A6096D0C62} = {DEAD5AAD-F3F7-4F0E-85FB-FD5E6475F0CF}
		{996CDF8B-0879-4A9C-8743-D0D818166259} = {63A91618-FAC0-437F-AC07-65F88172DA13}
		{36A5B73C-E890-4F93-A4E0-8EDC56C9C1C6} = {B176B5DF-8165-4EB2-A5C2-A28F3E4B8CEA}
	EndGlobalSection
	GlobalSection(ExtensibilityGlobals) = postSolution
		SolutionGuid = {C9F492F7-54F5-41CA-8590-6DE79DD7CA9B}
	EndGlobalSection
EndGlobal
